
Microsoft Visual Studio Solution File, Format Version 12.00
# Visual Studio Version 17
VisualStudioVersion = 17.3.32819.101
MinimumVisualStudioVersion = 10.0.40219.1
Project("{FAE04EC0-301F-11D3-BF4B-00C04F79EFBC}") = "API", "API\API.csproj", "{96E4591B-39D0-4784-BD89-0EA856E7D4D1}"
EndProject
Global
	GlobalSection(SolutionConfigurationPlatforms) = preSolution
		Debug|Any CPU = Debug|Any CPU
		Release|Any CPU = Release|Any CPU
	EndGlobalSection
	GlobalSection(ProjectConfigurationPlatforms) = postSolution
		{96E4591B-39D0-4784-BD89-0EA856E7D4D1}.Debug|Any CPU.ActiveCfg = Debug|Any CPU
		{96E4591B-39D0-4784-BD89-0EA856E7D4D1}.Debug|Any CPU.Build.0 = Debug|Any CPU
		{96E4591B-39D0-4784-BD89-0EA856E7D4D1}.Release|Any CPU.ActiveCfg = Release|Any CPU
		{96E4591B-39D0-4784-BD89-0EA856E7D4D1}.Release|Any CPU.Build.0 = Release|Any CPU
	EndGlobalSection
	GlobalSection(SolutionProperties) = preSolution
		HideSolutionNode = FALSE
	EndGlobalSection
	GlobalSection(ExtensibilityGlobals) = postSolution
		SolutionGuid = {8211DA93-0CB7-41BB-8CB8-42A0153D98C5}
	EndGlobalSection
EndGlobal
